{
  "name": "totemcss-module-tipi",
  "version": "1.8.0",
  "lockfileVersion": 1,
  "requires": true,
  "dependencies": {
    "bourbon": {
      "version": "4.3.4",
      "resolved": "https://registry.npmjs.org/bourbon/-/bourbon-4.3.4.tgz",
      "integrity": "sha1-TaOAAp6SwMj5dkx3lFGhNLEefMM="
    },
    "tipi.base.columns": {
      "version": "3.3.4",
      "resolved": "https://registry.npmjs.org/tipi.base.columns/-/tipi.base.columns-3.3.4.tgz",
      "integrity": "sha512-LrO0tC0WaSl7sG0iVCcJzR53aLolVCllep8w1wcJuHn4R7/+gS+HANvng02lq/mgEZtA0n5NyhsfXY0TWojCRg==",
      "requires": {
        "bourbon": "4.3.4"
      },
      "dependencies": {
        "bourbon": {
          "version": "4.3.4",
          "resolved": "https://registry.npmjs.org/bourbon/-/bourbon-4.3.4.tgz",
          "integrity": "sha1-TaOAAp6SwMj5dkx3lFGhNLEefMM="
        }
      }
    },
    "tipi.base.combined": {
      "version": "1.1.12",
      "resolved": "https://registry.npmjs.org/tipi.base.combined/-/tipi.base.combined-1.1.12.tgz",
      "integrity": "sha1-GAGa2CZZTO+B5BrkHlAOYWS4cWE=",
      "requires": {
        "bourbon": "4.3.4"
      },
      "dependencies": {
        "bourbon": {
          "version": "4.3.4",
          "resolved": "https://registry.npmjs.org/bourbon/-/bourbon-4.3.4.tgz",
          "integrity": "sha1-TaOAAp6SwMj5dkx3lFGhNLEefMM="
        }
      }
    },
    "tipi.base.element-group": {
      "version": "3.0.5",
      "resolved": "https://registry.npmjs.org/tipi.base.element-group/-/tipi.base.element-group-3.0.5.tgz",
      "integrity": "sha1-c/mChsEVSvDHgdZnoCrnh1pjxck=",
      "requires": {
        "bourbon": "4.3.4"
      },
      "dependencies": {
        "bourbon": {
          "version": "4.3.4",
          "resolved": "https://registry.npmjs.org/bourbon/-/bourbon-4.3.4.tgz",
          "integrity": "sha1-TaOAAp6SwMj5dkx3lFGhNLEefMM="
        }
      }
    },
    "tipi.base.sticky-end": {
      "version": "2.0.3",
      "resolved": "https://registry.npmjs.org/tipi.base.sticky-end/-/tipi.base.sticky-end-2.0.3.tgz",
      "integrity": "sha1-QT+y/6jCRVTugX0kaMnXC6gIGAA=",
      "requires": {
        "bourbon": "4.3.4"
      },
      "dependencies": {
        "bourbon": {
          "version": "4.3.4",
          "resolved": "https://registry.npmjs.org/bourbon/-/bourbon-4.3.4.tgz",
          "integrity": "sha1-TaOAAp6SwMj5dkx3lFGhNLEefMM="
        }
      }
    },
    "tipi.base.valign": {
      "version": "1.0.2",
      "resolved": "https://registry.npmjs.org/tipi.base.valign/-/tipi.base.valign-1.0.2.tgz",
      "integrity": "sha1-8tAcWaj5dvE2mNp3RCk3kMzlXqY=",
      "requires": {
        "bourbon": "4.3.4"
      },
      "dependencies": {
        "bourbon": {
          "version": "4.3.4",
          "resolved": "https://registry.npmjs.org/bourbon/-/bourbon-4.3.4.tgz",
          "integrity": "sha1-TaOAAp6SwMj5dkx3lFGhNLEefMM="
        }
      }
    }
  }
}
